
Microsoft Visual Studio Solution File, Format Version 12.00
# Visual Studio 15
VisualStudioVersion = 15.0.28307.572
MinimumVisualStudioVersion = 10.0.40219.1
Project("{8BC9CEB8-8B4A-11D0-8D11-00A0C91BC942}") = "S1C8", "S1C8\S1C8.vcxproj", "{87530F81-C171-42FA-9EF8-65337EB79895}"
EndProject
Global
	GlobalSection(SolutionConfigurationPlatforms) = preSolution
		Debug|x64 = Debug|x64
		Debug|x86 = Debug|x86
		Release|x64 = Release|x64
		Release|x86 = Release|x86
	EndGlobalSection
	GlobalSection(ProjectConfigurationPlatforms) = postSolution
		{87530F81-C171-42FA-9EF8-65337EB79895}.Debug|x64.ActiveCfg = Debug|x64
		{87530F81-C171-42FA-9EF8-65337EB79895}.Debug|x64.Build.0 = Debug|x64
		{87530F81-C171-42FA-9EF8-65337EB79895}.Debug|x86.ActiveCfg = Debug|Win32
		{87530F81-C171-42FA-9EF8-65337EB79895}.Debug|x86.Build.0 = Debug|Win32
		{87530F81-C171-42FA-9EF8-65337EB79895}.Release|x64.ActiveCfg = Release|x64
		{87530F81-C171-42FA-9EF8-65337EB79895}.Release|x64.Build.0 = Release|x64
		{87530F81-C171-42FA-9EF8-65337EB79895}.Release|x86.ActiveCfg = Release|Win32
		{87530F81-C171-42FA-9EF8-65337EB79895}.Release|x86.Build.0 = Release|Win32
	EndGlobalSection
	GlobalSection(SolutionProperties) = preSolution
		HideSolutionNode = FALSE
	EndGlobalSection
	GlobalSection(ExtensibilityGlobals) = postSolution
		SolutionGuid = {DB395EF2-26C6-418A-B1B3-F83BD7C37C21}
	EndGlobalSection
EndGlobal
